// !$*UTF8*$!
{
	archiveVersion = 1;
	classes = {
	};
	objectVersion = 46;
	objects = {

/* Begin PBXBuildFile section */
		B1A1F6C116F2EEDD0097896C /* UIKit.framework in Frameworks */ = {isa = PBXBuildFile; fileRef = B1A1F6C016F2EEDD0097896C /* UIKit.framework */; };
		B1A1F6C316F2EEDD0097896C /* Foundation.framework in Frameworks */ = {isa = PBXBuildFile; fileRef = B1A1F6C216F2EEDD0097896C /* Foundation.framework */; };
		B1A1F6C516F2EEDD0097896C /* CoreGraphics.framework in Frameworks */ = {isa = PBXBuildFile; fileRef = B1A1F6C416F2EEDD0097896C /* CoreGraphics.framework */; };
		B1A1F6CB16F2EEDD0097896C /* InfoPlist.strings in Resources */ = {isa = PBXBuildFile; fileRef = B1A1F6C916F2EEDD0097896C /* InfoPlist.strings */; };
		B1A1F6CD16F2EEDD0097896C /* main.m in Sources */ = {isa = PBXBuildFile; fileRef = B1A1F6CC16F2EEDD0097896C /* main.m */; };
		B1A1F6D116F2EEDD0097896C /* AppDelegate.m in Sources */ = {isa = PBXBuildFile; fileRef = B1A1F6D016F2EEDD0097896C /* AppDelegate.m */; };
		B1A1F6D316F2EEDD0097896C /* Default.png in Resources */ = {isa = PBXBuildFile; fileRef = B1A1F6D216F2EEDD0097896C /* Default.png */; };
		B1A1F6D516F2EEDD0097896C /* Default@2x.png in Resources */ = {isa = PBXBuildFile; fileRef = B1A1F6D416F2EEDD0097896C /* Default@2x.png */; };
		B1A1F6D716F2EEDD0097896C /* Default-568h@2x.png in Resources */ = {isa = PBXBuildFile; fileRef = B1A1F6D616F2EEDD0097896C /* Default-568h@2x.png */; };
		B1A1F6DA16F2EEDD0097896C /* ViewController.m in Sources */ = {isa = PBXBuildFile; fileRef = B1A1F6D916F2EEDD0097896C /* ViewController.m */; };
		B1A1F6DD16F2EEDD0097896C /* ViewController.xib in Resources */ = {isa = PBXBuildFile; fileRef = B1A1F6DB16F2EEDD0097896C /* ViewController.xib */; };
		B1A1F6EB16F2EF000097896C /* ImageView.m in Sources */ = {isa = PBXBuildFile; fileRef = B1A1F6E316F2EF000097896C /* ImageView.m */; };
		B1A1F6EC16F2EF000097896C /* pic1.jpg in Resources */ = {isa = PBXBuildFile; fileRef = B1A1F6E516F2EF000097896C /* pic1.jpg */; };
		B1A1F6EF16F2EF000097896C /* wuli.jpg in Resources */ = {isa = PBXBuildFile; fileRef = B1A1F6E816F2EF000097896C /* wuli.jpg */; };
		B1A1F6F016F2EF000097896C /* bigpic.jpg in Resources */ = {isa = PBXBuildFile; fileRef = B1A1F6E916F2EF000097896C /* bigpic.jpg */; };
/* End PBXBuildFile section */

/* Begin PBXFileReference section */
		B1A1F6BD16F2EEDD0097896C /* ImageTest.app */ = {isa = PBXFileReference; explicitFileType = wrapper.application; includeInIndex = 0; path = ImageTest.app; sourceTree = BUILT_PRODUCTS_DIR; };
		B1A1F6C016F2EEDD0097896C /* UIKit.framework */ = {isa = PBXFileReference; lastKnownFileType = wrapper.framework; name = UIKit.framework; path = System/Library/Frameworks/UIKit.framework; sourceTree = SDKROOT; };
		B1A1F6C216F2EEDD0097896C /* Foundation.framework */ = {isa = PBXFileReference; lastKnownFileType = wrapper.framework; name = Foundation.framework; path = System/Library/Frameworks/Foundation.framework; sourceTree = SDKROOT; };
		B1A1F6C416F2EEDD0097896C /* CoreGraphics.framework */ = {isa = PBXFileReference; lastKnownFileType = wrapper.framework; name = CoreGraphics.framework; path = System/Library/Frameworks/CoreGraphics.framework; sourceTree = SDKROOT; };
		B1A1F6C816F2EEDD0097896C /* ImageTest-Info.plist */ = {isa = PBXFileReference; lastKnownFileType = text.plist.xml; path = "ImageTest-Info.plist"; sourceTree = "<group>"; };
		B1A1F6CA16F2EEDD0097896C /* en */ = {isa = PBXFileReference; lastKnownFileType = text.plist.strings; name = en; path = en.lproj/InfoPlist.strings; sourceTree = "<group>"; };
		B1A1F6CC16F2EEDD0097896C /* main.m */ = {isa = PBXFileReference; lastKnownFileType = sourcecode.c.objc; path = main.m; sourceTree = "<group>"; };
		B1A1F6CE16F2EEDD0097896C /* ImageTest-Prefix.pch */ = {isa = PBXFileReference; lastKnownFileType = sourcecode.c.h; path = "ImageTest-Prefix.pch"; sourceTree = "<group>"; };
		B1A1F6CF16F2EEDD0097896C /* AppDelegate.h */ = {isa = PBXFileReference; lastKnownFileType = sourcecode.c.h; path = AppDelegate.h; sourceTree = "<group>"; };
		B1A1F6D016F2EEDD0097896C /* AppDelegate.m */ = {isa = PBXFileReference; lastKnownFileType = sourcecode.c.objc; path = AppDelegate.m; sourceTree = "<group>"; };
		B1A1F6D216F2EEDD0097896C /* Default.png */ = {isa = PBXFileReference; lastKnownFileType = image.png; path = Default.png; sourceTree = "<group>"; };
		B1A1F6D416F2EEDD0097896C /* Default@2x.png */ = {isa = PBXFileReference; lastKnownFileType = image.png; path = "Default@2x.png"; sourceTree = "<group>"; };
		B1A1F6D616F2EEDD0097896C /* Default-568h@2x.png */ = {isa = PBXFileReference; lastKnownFileType = image.png; path = "Default-568h@2x.png"; sourceTree = "<group>"; };
		B1A1F6D816F2EEDD0097896C /* ViewController.h */ = {isa = PBXFileReference; lastKnownFileType = sourcecode.c.h; path = ViewController.h; sourceTree = "<group>"; };
		B1A1F6D916F2EEDD0097896C /* ViewController.m */ = {isa = PBXFileReference; lastKnownFileType = sourcecode.c.objc; path = ViewController.m; sourceTree = "<group>"; };
		B1A1F6DC16F2EEDD0097896C /* en */ = {isa = PBXFileReference; lastKnownFileType = file.xib; name = en; path = en.lproj/ViewController.xib; sourceTree = "<group>"; };
		B1A1F6E316F2EF000097896C /* ImageView.m */ = {isa = PBXFileReference; fileEncoding = 4; lastKnownFileType = sourcecode.c.objc; path = ImageView.m; sourceTree = "<group>"; };
		B1A1F6E416F2EF000097896C /* ImageView.h */ = {isa = PBXFileReference; fileEncoding = 4; lastKnownFileType = sourcecode.c.h; path = ImageView.h; sourceTree = "<group>"; };
		B1A1F6E516F2EF000097896C /* pic1.jpg */ = {isa = PBXFileReference; lastKnownFileType = image.jpeg; path = pic1.jpg; sourceTree = "<group>"; };
		B1A1F6E816F2EF000097896C /* wuli.jpg */ = {isa = PBXFileReference; lastKnownFileType = image.jpeg; path = wuli.jpg; sourceTree = "<group>"; };
		B1A1F6E916F2EF000097896C /* bigpic.jpg */ = {isa = PBXFileReference; lastKnownFileType = image.jpeg; path = bigpic.jpg; sourceTree = "<group>"; };
/* End PBXFileReference section */

/* Begin PBXFrameworksBuildPhase section */
		B1A1F6BA16F2EEDD0097896C /* Frameworks */ = {
			isa = PBXFrameworksBuildPhase;
			buildActionMask = 2147483647;
			files = (
				B1A1F6C116F2EEDD0097896C /* UIKit.framework in Frameworks */,
				B1A1F6C316F2EEDD0097896C /* Foundation.framework in Frameworks */,
				B1A1F6C516F2EEDD0097896C /* CoreGraphics.framework in Frameworks */,
			);
			runOnlyForDeploymentPostprocessing = 0;
		};
/* End PBXFrameworksBuildPhase section */

/* Begin PBXGroup section */
		B1A1F6B416F2EEDD0097896C = {
			isa = PBXGroup;
			children = (
				B1A1F6C616F2EEDD0097896C /* ImageTest */,
				B1A1F6BF16F2EEDD0097896C /* Frameworks */,
				B1A1F6BE16F2EEDD0097896C /* Products */,
			);
			sourceTree = "<group>";
		};
		B1A1F6BE16F2EEDD0097896C /* Products */ = {
			isa = PBXGroup;
			children = (
				B1A1F6BD16F2EEDD0097896C /* ImageTest.app */,
			);
			name = Products;
			sourceTree = "<group>";
		};
		B1A1F6BF16F2EEDD0097896C /* Frameworks */ = {
			isa = PBXGroup;
			children = (
				B1A1F6C016F2EEDD0097896C /* UIKit.framework */,
				B1A1F6C216F2EEDD0097896C /* Foundation.framework */,
				B1A1F6C416F2EEDD0097896C /* CoreGraphics.framework */,
			);
			name = Frameworks;
			sourceTree = "<group>";
		};
		B1A1F6C616F2EEDD0097896C /* ImageTest */ = {
			isa = PBXGroup;
			children = (
				B1A1F6F216F2F0990097896C /* images */,
				B1A1F6E416F2EF000097896C /* ImageView.h */,
				B1A1F6E316F2EF000097896C /* ImageView.m */,
				B1A1F6CF16F2EEDD0097896C /* AppDelegate.h */,
				B1A1F6D016F2EEDD0097896C /* AppDelegate.m */,
				B1A1F6D816F2EEDD0097896C /* ViewController.h */,
				B1A1F6D916F2EEDD0097896C /* ViewController.m */,
				B1A1F6DB16F2EEDD0097896C /* ViewController.xib */,
				B1A1F6C716F2EEDD0097896C /* Supporting Files */,
			);
			path = ImageTest;
			sourceTree = "<group>";
		};
		B1A1F6C716F2EEDD0097896C /* Supporting Files */ = {
			isa = PBXGroup;
			children = (
				B1A1F6C816F2EEDD0097896C /* ImageTest-Info.plist */,
				B1A1F6C916F2EEDD0097896C /* InfoPlist.strings */,
				B1A1F6CC16F2EEDD0097896C /* main.m */,
				B1A1F6CE16F2EEDD0097896C /* ImageTest-Prefix.pch */,
				B1A1F6D216F2EEDD0097896C /* Default.png */,
				B1A1F6D416F2EEDD0097896C /* Default@2x.png */,
				B1A1F6D616F2EEDD0097896C /* Default-568h@2x.png */,
			);
			name = "Supporting Files";
			sourceTree = "<group>";
		};
		B1A1F6F216F2F0990097896C /* images */ = {
			isa = PBXGroup;
			children = (
				B1A1F6E516F2EF000097896C /* pic1.jpg */,
				B1A1F6E916F2EF000097896C /* bigpic.jpg */,
				B1A1F6E816F2EF000097896C /* wuli.jpg */,
			);
			name = images;
			sourceTree = "<group>";
		};
/* End PBXGroup section */

/* Begin PBXNativeTarget section */
		B1A1F6BC16F2EEDD0097896C /* ImageTest */ = {
			isa = PBXNativeTarget;
			buildConfigurationList = B1A1F6E016F2EEDD0097896C /* Build configuration list for PBXNativeTarget "ImageTest" */;
			buildPhases = (
				B1A1F6B916F2EEDD0097896C /* Sources */,
				B1A1F6BA16F2EEDD0097896C /* Frameworks */,
				B1A1F6BB16F2EEDD0097896C /* Resources */,
			);
			buildRules = (
			);
			dependencies = (
			);
			name = ImageTest;
			productName = ImageTest;
			productReference = B1A1F6BD16F2EEDD0097896C /* ImageTest.app */;
			productType = "com.apple.product-type.application";
		};
/* End PBXNativeTarget section */

/* Begin PBXProject section */
		B1A1F6B516F2EEDD0097896C /* Project object */ = {
			isa = PBXProject;
			attributes = {
				LastUpgradeCheck = 0460;
				ORGANIZATIONNAME = liyong;
			};
			buildConfigurationList = B1A1F6B816F2EEDD0097896C /* Build configuration list for PBXProject "ImageTest" */;
			compatibilityVersion = "Xcode 3.2";
			developmentRegion = English;
			hasScannedForEncodings = 0;
			knownRegions = (
				en,
			);
			mainGroup = B1A1F6B416F2EEDD0097896C;
			productRefGroup = B1A1F6BE16F2EEDD0097896C /* Products */;
			projectDirPath = "";
			projectRoot = "";
			targets = (
				B1A1F6BC16F2EEDD0097896C /* ImageTest */,
			);
		};
/* End PBXProject section */

/* Begin PBXResourcesBuildPhase section */
		B1A1F6BB16F2EEDD0097896C /* Resources */ = {
			isa = PBXResourcesBuildPhase;
			buildActionMask = 2147483647;
			files = (
				B1A1F6CB16F2EEDD0097896C /* InfoPlist.strings in Resources */,
				B1A1F6D316F2EEDD0097896C /* Default.png in Resources */,
				B1A1F6D516F2EEDD0097896C /* Default@2x.png in Resources */,
				B1A1F6D716F2EEDD0097896C /* Default-568h@2x.png in Resources */,
				B1A1F6DD16F2EEDD0097896C /* ViewController.xib in Resources */,
				B1A1F6EC16F2EF000097896C /* pic1.jpg in Resources */,
				B1A1F6EF16F2EF000097896C /* wuli.jpg in Resources */,
				B1A1F6F016F2EF000097896C /* bigpic.jpg in Resources */,
			);
			runOnlyForDeploymentPostprocessing = 0;
		};
/* End PBXResourcesBuildPhase section */

/* Begin PBXSourcesBuildPhase section */
		B1A1F6B916F2EEDD0097896C /* Sources */ = {
			isa = PBXSourcesBuildPhase;
			buildActionMask = 2147483647;
			files = (
				B1A1F6CD16F2EEDD0097896C /* main.m in Sources */,
				B1A1F6D116F2EEDD0097896C /* AppDelegate.m in Sources */,
				B1A1F6DA16F2EEDD0097896C /* ViewController.m in Sources */,
				B1A1F6EB16F2EF000097896C /* ImageView.m in Sources */,
			);
			runOnlyForDeploymentPostprocessing = 0;
		};
/* End PBXSourcesBuildPhase section */

/* Begin PBXVariantGroup section */
		B1A1F6C916F2EEDD0097896C /* InfoPlist.strings */ = {
			isa = PBXVariantGroup;
			children = (
				B1A1F6CA16F2EEDD0097896C /* en */,
			);
			name = InfoPlist.strings;
			sourceTree = "<group>";
		};
		B1A1F6DB16F2EEDD0097896C /* ViewController.xib */ = {
			isa = PBXVariantGroup;
			children = (
				B1A1F6DC16F2EEDD0097896C /* en */,
			);
			name = ViewController.xib;
			sourceTree = "<group>";
		};
/* End PBXVariantGroup section */

/* Begin XCBuildConfiguration section */
		B1A1F6DE16F2EEDD0097896C /* Debug */ = {
			isa = XCBuildConfiguration;
			buildSettings = {
				ALWAYS_SEARCH_USER_PATHS = NO;
				CLANG_CXX_LANGUAGE_STANDARD = "gnu++0x";
				CLANG_CXX_LIBRARY = "libc++";
				CLANG_WARN_CONSTANT_CONVERSION = YES;
				CLANG_WARN_EMPTY_BODY = YES;
				CLANG_WARN_ENUM_CONVERSION = YES;
				CLANG_WARN_INT_CONVERSION = YES;
				CLANG_WARN__DUPLICATE_METHOD_MATCH = YES;
				"CODE_SIGN_IDENTITY[sdk=iphoneos*]" = "iPhone Developer";
				COPY_PHASE_STRIP = NO;
				GCC_C_LANGUAGE_STANDARD = gnu99;
				GCC_DYNAMIC_NO_PIC = NO;
				GCC_OPTIMIZATION_LEVEL = 0;
				GCC_PREPROCESSOR_DEFINITIONS = (
					"DEBUG=1",
					"$(inherited)",
				);
				GCC_SYMBOLS_PRIVATE_EXTERN = NO;
				GCC_WARN_ABOUT_RETURN_TYPE = YES;
				GCC_WARN_UNINITIALIZED_AUTOS = YES;
				GCC_WARN_UNUSED_VARIABLE = YES;
				IPHONEOS_DEPLOYMENT_TARGET = 6.1;
				ONLY_ACTIVE_ARCH = YES;
				SDKROOT = iphoneos;
			};
			name = Debug;
		};
		B1A1F6DF16F2EEDD0097896C /* Release */ = {
			isa = XCBuildConfiguration;
			buildSettings = {
				ALWAYS_SEARCH_USER_PATHS = NO;
				CLANG_CXX_LANGUAGE_STANDARD = "gnu++0x";
				CLANG_CXX_LIBRARY = "libc++";
				CLANG_WARN_CONSTANT_CONVERSION = YES;
				CLANG_WARN_EMPTY_BODY = YES;
				CLANG_WARN_ENUM_CONVERSION = YES;
				CLANG_WARN_INT_CONVERSION = YES;
				CLANG_WARN__DUPLICATE_METHOD_MATCH = YES;
				"CODE_SIGN_IDENTITY[sdk=iphoneos*]" = "iPhone Developer";
				COPY_PHASE_STRIP = YES;
				GCC_C_LANGUAGE_STANDARD = gnu99;
				GCC_WARN_ABOUT_RETURN_TYPE = YES;
				GCC_WARN_UNINITIALIZED_AUTOS = YES;
				GCC_WARN_UNUSED_VARIABLE = YES;
				IPHONEOS_DEPLOYMENT_TARGET = 6.1;
				OTHER_CFLAGS = "-DNS_BLOCK_ASSERTIONS=1";
				SDKROOT = iphoneos;
				VALIDATE_PRODUCT = YES;
			};
			name = Release;
		};
		B1A1F6E116F2EEDD0097896C /* Debug */ = {
			isa = XCBuildConfiguration;
			buildSettings = {
				GCC_PRECOMPILE_PREFIX_HEADER = YES;
				GCC_PREFIX_HEADER = "ImageTest/ImageTest-Prefix.pch";
				INFOPLIST_FILE = "ImageTest/ImageTest-Info.plist";
				PRODUCT_NAME = "$(TARGET_NAME)";
				WRAPPER_EXTENSION = app;
			};
			name = Debug;
		};
		B1A1F6E216F2EEDD0097896C /* Release */ = {
			isa = XCBuildConfiguration;
			buildSettings = {
				GCC_PRECOMPILE_PREFIX_HEADER = YES;
				GCC_PREFIX_HEADER = "ImageTest/ImageTest-Prefix.pch";
				INFOPLIST_FILE = "ImageTest/ImageTest-Info.plist";
				PRODUCT_NAME = "$(TARGET_NAME)";
				WRAPPER_EXTENSION = app;
			};
			name = Release;
		};
/* End XCBuildConfiguration section */

/* Begin XCConfigurationList section */
		B1A1F6B816F2EEDD0097896C /* Build configuration list for PBXProject "ImageTest" */ = {
			isa = XCConfigurationList;
			buildConfigurations = (
				B1A1F6DE16F2EEDD0097896C /* Debug */,
				B1A1F6DF16F2EEDD0097896C /* Release */,
			);
			defaultConfigurationIsVisible = 0;
			defaultConfigurationName = Release;
		};
		B1A1F6E016F2EEDD0097896C /* Build configuration list for PBXNativeTarget "ImageTest" */ = {
			isa = XCConfigurationList;
			buildConfigurations = (
				B1A1F6E116F2EEDD0097896C /* Debug */,
				B1A1F6E216F2EEDD0097896C /* Release */,
			);
			defaultConfigurationIsVisible = 0;
		};
/* End XCConfigurationList section */
	};
	rootObject = B1A1F6B516F2EEDD0097896C /* Project object */;
}
